{
  "lockVersion": 1,
  "contractVersion": "0.5",
  "confirmedAt": "2026-07-15",
  "runtimeResolutionPolicy": {
    "networkFallback": false,
    "floatingVersions": false,
    "digestAlgorithm": "sha256",
    "runtimeValidationEligible": false,
    "blockedBy": "FHIR-NATIVE-P0-FOUNDATION-004-CONFORMANCE"
  },
  "packages": [
    {
      "packageId": "jpfhir.jp.core",
      "version": "1.2.0",
      "fhirVersions": [
        "4.0.1"
      ],
      "sourceUrl": "https://jpfhir.jp/fhir/core/1.2.0/package.tgz",
      "sha256": "6094c8b9ebd975cb738c66cc999774c06a0aacf4480c068a8465e597117e52a3",
      "role": "jp-core-root"
    },
    {
      "packageId": "hl7.fhir.r4.core",
      "version": "4.0.1",
      "fhirVersions": [
        "4.0.1"
      ],
      "sourceUrl": "https://packages2.fhir.org/packages/hl7.fhir.r4.core/4.0.1",
      "sha256": "b090bf929e1f665cf2c91583720849695bc38d2892a7c5037c56cb00817fb091",
      "role": "dependency"
    },
    {
      "packageId": "hl7.terminology.r4",
      "version": "7.0.0",
      "fhirVersions": [
        "4.0.1"
      ],
      "sourceUrl": "https://packages2.fhir.org/packages/hl7.terminology.r4/7.0.0",
      "sha256": "7f93189014349fa2640c970fadd1a266af217188b42e421ae5b7978e5fdcef63",
      "role": "dependency"
    },
    {
      "packageId": "hl7.fhir.uv.extensions.r4",
      "version": "5.2.0",
      "fhirVersions": [
        "4.0.1"
      ],
      "sourceUrl": "https://packages2.fhir.org/packages/hl7.fhir.uv.extensions.r4/5.2.0",
      "sha256": "b406e75575f05676559d0759770c5939d023ee72fb2ef38e0b3259328487720a",
      "role": "dependency"
    },
    {
      "packageId": "jpfhir-terminology",
      "declaredAs": "jpfhir-terminology.r4",
      "version": "1.4.0",
      "fhirVersions": [
        "4.0.1"
      ],
      "sourceUrl": "https://jpfhir.jp/fhir/core/terminology/jpfhir-terminology.r4-1.4.0.tgz",
      "sha256": "cfeb76457774d5a4bf1eb907cb60d083b0dedf04cb92405effa6b4aeaf68d21f",
      "role": "dependency"
    }
  ],
  "upstreamMetadataWarnings": [
    {
      "packageId": "jpfhir.jp.core",
      "code": "UPSTREAM_PACKAGE_MARKED_NOT_FOR_PUBLICATION",
      "detail": "The 1.2.0 package manifest contains notForPublication=true and a file:// build URL although the JP Core publication history marks 1.2.0 current. A5 must resolve and document validator artifact suitability before runtime use."
    },
    {
      "packageId": "jpfhir-terminology",
      "code": "DECLARED_PACKAGE_ID_DIFFERS_FROM_ARTIFACT_NAME",
      "detail": "The JP Core dependency key is jpfhir-terminology.r4 while the downloaded artifact package name is jpfhir-terminology. A5 must preserve the exact resolution evidence."
    }
  ]
}
